// !$*UTF8*$!
{
	archiveVersion = 1;
	classes = {
	};
	objectVersion = 56;
	objects = {

/* Begin PBXBuildFile section */
		387C230628D0D7D9005E9D2A /* AppDelegate.swift in Sources */ = {isa = PBXBuildFile; fileRef = 387C230528D0D7D9005E9D2A /* AppDelegate.swift */; };
		387C230828D0D7D9005E9D2A /* SceneDelegate.swift in Sources */ = {isa = PBXBuildFile; fileRef = 387C230728D0D7D9005E9D2A /* SceneDelegate.swift */; };
		387C230A28D0D7D9005E9D2A /* ViewController.swift in Sources */ = {isa = PBXBuildFile; fileRef = 387C230928D0D7D9005E9D2A /* ViewController.swift */; };
		387C230D28D0D7D9005E9D2A /* Main.storyboard in Resources */ = {isa = PBXBuildFile; fileRef = 387C230B28D0D7D9005E9D2A /* Main.storyboard */; };
		387C230F28D0D7DA005E9D2A /* Assets.xcassets in Resources */ = {isa = PBXBuildFile; fileRef = 387C230E28D0D7DA005E9D2A /* Assets.xcassets */; };
		387C231228D0D7DA005E9D2A /* LaunchScreen.storyboard in Resources */ = {isa = PBXBuildFile; fileRef = 387C231028D0D7DA005E9D2A /* LaunchScreen.storyboard */; };
		387C231D28D0D7DA005E9D2A /* Gutta_FirstAppTests.swift in Sources */ = {isa = PBXBuildFile; fileRef = 387C231C28D0D7DA005E9D2A /* Gutta_FirstAppTests.swift */; };
		387C232728D0D7DA005E9D2A /* Gutta_FirstAppUITests.swift in Sources */ = {isa = PBXBuildFile; fileRef = 387C232628D0D7DA005E9D2A /* Gutta_FirstAppUITests.swift */; };
		387C232928D0D7DA005E9D2A /* Gutta_FirstAppUITestsLaunchTests.swift in Sources */ = {isa = PBXBuildFile; fileRef = 387C232828D0D7DA005E9D2A /* Gutta_FirstAppUITestsLaunchTests.swift */; };
/* End PBXBuildFile section */

/* Begin PBXContainerItemProxy section */
		387C231928D0D7DA005E9D2A /* PBXContainerItemProxy */ = {
			isa = PBXContainerItemProxy;
			containerPortal = 387C22FA28D0D7D9005E9D2A /* Project object */;
			proxyType = 1;
			remoteGlobalIDString = 387C230128D0D7D9005E9D2A;
			remoteInfo = Gutta_FirstApp;
		};
		387C232328D0D7DA005E9D2A /* PBXContainerItemProxy */ = {
			isa = PBXContainerItemProxy;
			containerPortal = 387C22FA28D0D7D9005E9D2A /* Project object */;
			proxyType = 1;
			remoteGlobalIDString = 387C230128D0D7D9005E9D2A;
			remoteInfo = Gutta_FirstApp;
		};
/* End PBXContainerItemProxy section */

/* Begin PBXFileReference section */
		387C230228D0D7D9005E9D2A /* Gutta_FirstApp.app */ = {isa = PBXFileReference; explicitFileType = wrapper.application; includeInIndex = 0; path = Gutta_FirstApp.app; sourceTree = BUILT_PRODUCTS_DIR; };
		387C230528D0D7D9005E9D2A /* AppDelegate.swift */ = {isa = PBXFileReference; lastKnownFileType = sourcecode.swift; path = AppDelegate.swift; sourceTree = "<group>"; };
		387C230728D0D7D9005E9D2A /* SceneDelegate.swift */ = {isa = PBXFileReference; lastKnownFileType = sourcecode.swift; path = SceneDelegate.swift; sourceTree = "<group>"; };
		387C230928D0D7D9005E9D2A /* ViewController.swift */ = {isa = PBXFileReference; lastKnownFileType = sourcecode.swift; path = ViewController.swift; sourceTree = "<group>"; };
		387C230C28D0D7D9005E9D2A /* Base */ = {isa = PBXFileReference; lastKnownFileType = file.storyboard; name = Base; path = Base.lproj/Main.storyboard; sourceTree = "<group>"; };
		387C230E28D0D7DA005E9D2A /* Assets.xcassets */ = {isa = PBXFileReference; lastKnownFileType = folder.assetcatalog; path = Assets.xcassets; sourceTree = "<group>"; };
		387C231128D0D7DA005E9D2A /* Base */ = {isa = PBXFileReference; lastKnownFileType = file.storyboard; name = Base; path = Base.lproj/LaunchScreen.storyboard; sourceTree = "<group>"; };
		387C231328D0D7DA005E9D2A /* Info.plist */ = {isa = PBXFileReference; lastKnownFileType = text.plist.xml; path = Info.plist; sourceTree = "<group>"; };
		387C231828D0D7DA005E9D2A /* Gutta_FirstAppTests.xctest */ = {isa = PBXFileReference; explicitFileType = wrapper.cfbundle; includeInIndex = 0; path = Gutta_FirstAppTests.xctest; sourceTree = BUILT_PRODUCTS_DIR; };
		387C231C28D0D7DA005E9D2A /* Gutta_FirstAppTests.swift */ = {isa = PBXFileReference; lastKnownFileType = sourcecode.swift; path = Gutta_FirstAppTests.swift; sourceTree = "<group>"; };
		387C232228D0D7DA005E9D2A /* Gutta_FirstAppUITests.xctest */ = {isa = PBXFileReference; explicitFileType = wrapper.cfbundle; includeInIndex = 0; path = Gutta_FirstAppUITests.xctest; sourceTree = BUILT_PRODUCTS_DIR; };
		387C232628D0D7DA005E9D2A /* Gutta_FirstAppUITests.swift */ = {isa = PBXFileReference; lastKnownFileType = sourcecode.swift; path = Gutta_FirstAppUITests.swift; sourceTree = "<group>"; };
		387C232828D0D7DA005E9D2A /* Gutta_FirstAppUITestsLaunchTests.swift */ = {isa = PBXFileReference; lastKnownFileType = sourcecode.swift; path = Gutta_FirstAppUITestsLaunchTests.swift; sourceTree = "<group>"; };
/* End PBXFileReference section */

/* Begin PBXFrameworksBuildPhase section */
		387C22FF28D0D7D9005E9D2A /* Frameworks */ = {
			isa = PBXFrameworksBuildPhase;
			buildActionMask = 2147483647;
			files = (
			);
			runOnlyForDeploymentPostprocessing = 0;
		};
		387C231528D0D7DA005E9D2A /* Frameworks */ = {
			isa = PBXFrameworksBuildPhase;
			buildActionMask = 2147483647;
			files = (
			);
			runOnlyForDeploymentPostprocessing = 0;
		};
		387C231F28D0D7DA005E9D2A /* Frameworks */ = {
			isa = PBXFrameworksBuildPhase;
			buildActionMask = 2147483647;
			files = (
			);
			runOnlyForDeploymentPostprocessing = 0;
		};
/* End PBXFrameworksBuildPhase section */

/* Begin PBXGroup section */
		387C22F928D0D7D9005E9D2A = {
			isa = PBXGroup;
			children = (
				387C230428D0D7D9005E9D2A /* Gutta_FirstApp */,
				387C231B28D0D7DA005E9D2A /* Gutta_FirstAppTests */,
				387C232528D0D7DA005E9D2A /* Gutta_FirstAppUITests */,
				387C230328D0D7D9005E9D2A /* Products */,
			);
			sourceTree = "<group>";
		};
		387C230328D0D7D9005E9D2A /* Products */ = {
			isa = PBXGroup;
			children = (
				387C230228D0D7D9005E9D2A /* Gutta_FirstApp.app */,
				387C231828D0D7DA005E9D2A /* Gutta_FirstAppTests.xctest */,
				387C232228D0D7DA005E9D2A /* Gutta_FirstAppUITests.xctest */,
			);
			name = Products;
			sourceTree = "<group>";
		};
		387C230428D0D7D9005E9D2A /* Gutta_FirstApp */ = {
			isa = PBXGroup;
			children = (
				387C230528D0D7D9005E9D2A /* AppDelegate.swift */,
				387C230728D0D7D9005E9D2A /* SceneDelegate.swift */,
				387C230928D0D7D9005E9D2A /* ViewController.swift */,
				387C230B28D0D7D9005E9D2A /* Main.storyboard */,
				387C230E28D0D7DA005E9D2A /* Assets.xcassets */,
				387C231028D0D7DA005E9D2A /* LaunchScreen.storyboard */,
				387C231328D0D7DA005E9D2A /* Info.plist */,
			);
			path = Gutta_FirstApp;
			sourceTree = "<group>";
		};
		387C231B28D0D7DA005E9D2A /* Gutta_FirstAppTests */ = {
			isa = PBXGroup;
			children = (
				387C231C28D0D7DA005E9D2A /* Gutta_FirstAppTests.swift */,
			);
			path = Gutta_FirstAppTests;
			sourceTree = "<group>";
		};
		387C232528D0D7DA005E9D2A /* Gutta_FirstAppUITests */ = {
			isa = PBXGroup;
			children = (
				387C232628D0D7DA005E9D2A /* Gutta_FirstAppUITests.swift */,
				387C232828D0D7DA005E9D2A /* Gutta_FirstAppUITestsLaunchTests.swift */,
			);
			path = Gutta_FirstAppUITests;
			sourceTree = "<group>";
		};
/* End PBXGroup section */

/* Begin PBXNativeTarget section */
		387C230128D0D7D9005E9D2A /* Gutta_FirstApp */ = {
			isa = PBXNativeTarget;
			buildConfigurationList = 387C232C28D0D7DA005E9D2A /* Build configuration list for PBXNativeTarget "Gutta_FirstApp" */;
			buildPhases = (
				387C22FE28D0D7D9005E9D2A /* Sources */,
				387C22FF28D0D7D9005E9D2A /* Frameworks */,
				387C230028D0D7D9005E9D2A /* Resources */,
			);
			buildRules = (
			);
			dependencies = (
			);
			name = Gutta_FirstApp;
			productName = Gutta_FirstApp;
			productReference = 387C230228D0D7D9005E9D2A /* Gutta_FirstApp.app */;
			productType = "com.apple.product-type.application";
		};
		387C231728D0D7DA005E9D2A /* Gutta_FirstAppTests */ = {
			isa = PBXNativeTarget;
			buildConfigurationList = 387C232F28D0D7DA005E9D2A /* Build configuration list for PBXNativeTarget "Gutta_FirstAppTests" */;
			buildPhases = (
				387C231428D0D7DA005E9D2A /* Sources */,
				387C231528D0D7DA005E9D2A /* Frameworks */,
				387C231628D0D7DA005E9D2A /* Resources */,
			);
			buildRules = (
			);
			dependencies = (
				387C231A28D0D7DA005E9D2A /* PBXTargetDependency */,
			);
			name = Gutta_FirstAppTests;
			productName = Gutta_FirstAppTests;
			productReference = 387C231828D0D7DA005E9D2A /* Gutta_FirstAppTests.xctest */;
			productType = "com.apple.product-type.bundle.unit-test";
		};
		387C232128D0D7DA005E9D2A /* Gutta_FirstAppUITests */ = {
			isa = PBXNativeTarget;
			buildConfigurationList = 387C233228D0D7DA005E9D2A /* Build configuration list for PBXNativeTarget "Gutta_FirstAppUITests" */;
			buildPhases = (
				387C231E28D0D7DA005E9D2A /* Sources */,
				387C231F28D0D7DA005E9D2A /* Frameworks */,
				387C232028D0D7DA005E9D2A /* Resources */,
			);
			buildRules = (
			);
			dependencies = (
				387C232428D0D7DA005E9D2A /* PBXTargetDependency */,
			);
			name = Gutta_FirstAppUITests;
			productName = Gutta_FirstAppUITests;
			productReference = 387C232228D0D7DA005E9D2A /* Gutta_FirstAppUITests.xctest */;
			productType = "com.apple.product-type.bundle.ui-testing";
		};
/* End PBXNativeTarget section */

/* Begin PBXProject section */
		387C22FA28D0D7D9005E9D2A /* Project object */ = {
			isa = PBXProject;
			attributes = {
				BuildIndependentTargetsInParallel = 1;
				LastSwiftUpdateCheck = 1400;
				LastUpgradeCheck = 1400;
				TargetAttributes = {
					387C230128D0D7D9005E9D2A = {
						CreatedOnToolsVersion = 14.0;
					};
					387C231728D0D7DA005E9D2A = {
						CreatedOnToolsVersion = 14.0;
						TestTargetID = 387C230128D0D7D9005E9D2A;
					};
					387C232128D0D7DA005E9D2A = {
						CreatedOnToolsVersion = 14.0;
						TestTargetID = 387C230128D0D7D9005E9D2A;
					};
				};
			};
			buildConfigurationList = 387C22FD28D0D7D9005E9D2A /* Build configuration list for PBXProject "Gutta_FirstApp" */;
			compatibilityVersion = "Xcode 14.0";
			developmentRegion = en;
			hasScannedForEncodings = 0;
			knownRegions = (
				en,
				Base,
			);
			mainGroup = 387C22F928D0D7D9005E9D2A;
			productRefGroup = 387C230328D0D7D9005E9D2A /* Products */;
			projectDirPath = "";
			projectRoot = "";
			targets = (
				387C230128D0D7D9005E9D2A /* Gutta_FirstApp */,
				387C231728D0D7DA005E9D2A /* Gutta_FirstAppTests */,
				387C232128D0D7DA005E9D2A /* Gutta_FirstAppUITests */,
			);
		};
/* End PBXProject section */

/* Begin PBXResourcesBuildPhase section */
		387C230028D0D7D9005E9D2A /* Resources */ = {
			isa = PBXResourcesBuildPhase;
			buildActionMask = 2147483647;
			files = (
				387C231228D0D7DA005E9D2A /* LaunchScreen.storyboard in Resources */,
				387C230F28D0D7DA005E9D2A /* Assets.xcassets in Resources */,
				387C230D28D0D7D9005E9D2A /* Main.storyboard in Resources */,
			);
			runOnlyForDeploymentPostprocessing = 0;
		};
		387C231628D0D7DA005E9D2A /* Resources */ = {
			isa = PBXResourcesBuildPhase;
			buildActionMask = 2147483647;
			files = (
			);
			runOnlyForDeploymentPostprocessing = 0;
		};
		387C232028D0D7DA005E9D2A /* Resources */ = {
			isa = PBXResourcesBuildPhase;
			buildActionMask = 2147483647;
			files = (
			);
			runOnlyForDeploymentPostprocessing = 0;
		};
/* End PBXResourcesBuildPhase section */

/* Begin PBXSourcesBuildPhase section */
		387C22FE28D0D7D9005E9D2A /* Sources */ = {
			isa = PBXSourcesBuildPhase;
			buildActionMask = 2147483647;
			files = (
				387C230A28D0D7D9005E9D2A /* ViewController.swift in Sources */,
				387C230628D0D7D9005E9D2A /* AppDelegate.swift in Sources */,
				387C230828D0D7D9005E9D2A /* SceneDelegate.swift in Sources */,
			);
			runOnlyForDeploymentPostprocessing = 0;
		};
		387C231428D0D7DA005E9D2A /* Sources */ = {
			isa = PBXSourcesBuildPhase;
			buildActionMask = 2147483647;
			files = (
				387C231D28D0D7DA005E9D2A /* Gutta_FirstAppTests.swift in Sources */,
			);
			runOnlyForDeploymentPostprocessing = 0;
		};
		387C231E28D0D7DA005E9D2A /* Sources */ = {
			isa = PBXSourcesBuildPhase;
			buildActionMask = 2147483647;
			files = (
				387C232728D0D7DA005E9D2A /* Gutta_FirstAppUITests.swift in Sources */,
				387C232928D0D7DA005E9D2A /* Gutta_FirstAppUITestsLaunchTests.swift in Sources */,
			);
			runOnlyForDeploymentPostprocessing = 0;
		};
/* End PBXSourcesBuildPhase section */

/* Begin PBXTargetDependency section */
		387C231A28D0D7DA005E9D2A /* PBXTargetDependency */ = {
			isa = PBXTargetDependency;
			target = 387C230128D0D7D9005E9D2A /* Gutta_FirstApp */;
			targetProxy = 387C231928D0D7DA005E9D2A /* PBXContainerItemProxy */;
		};
		387C232428D0D7DA005E9D2A /* PBXTargetDependency */ = {
			isa = PBXTargetDependency;
			target = 387C230128D0D7D9005E9D2A /* Gutta_FirstApp */;
			targetProxy = 387C232328D0D7DA005E9D2A /* PBXContainerItemProxy */;
		};
/* End PBXTargetDependency section */

/* Begin PBXVariantGroup section */
		387C230B28D0D7D9005E9D2A /* Main.storyboard */ = {
			isa = PBXVariantGroup;
			children = (
				387C230C28D0D7D9005E9D2A /* Base */,
			);
			name = Main.storyboard;
			sourceTree = "<group>";
		};
		387C231028D0D7DA005E9D2A /* LaunchScreen.storyboard */ = {
			isa = PBXVariantGroup;
			children = (
				387C231128D0D7DA005E9D2A /* Base */,
			);
			name = LaunchScreen.storyboard;
			sourceTree = "<group>";
		};
/* End PBXVariantGroup section */

/* Begin XCBuildConfiguration section */
		387C232A28D0D7DA005E9D2A /* Debug */ = {
			isa = XCBuildConfiguration;
			buildSettings = {
				ALWAYS_SEARCH_USER_PATHS = NO;
				CLANG_ANALYZER_NONNULL = YES;
				CLANG_ANALYZER_NUMBER_OBJECT_CONVERSION = YES_AGGRESSIVE;
				CLANG_CXX_LANGUAGE_STANDARD = "gnu++20";
				CLANG_ENABLE_MODULES = YES;
				CLANG_ENABLE_OBJC_ARC = YES;
				CLANG_ENABLE_OBJC_WEAK = YES;
				CLANG_WARN_BLOCK_CAPTURE_AUTORELEASING = YES;
				CLANG_WARN_BOOL_CONVERSION = YES;
				CLANG_WARN_COMMA = YES;
				CLANG_WARN_CONSTANT_CONVERSION = YES;
				CLANG_WARN_DEPRECATED_OBJC_IMPLEMENTATIONS = YES;
				CLANG_WARN_DIRECT_OBJC_ISA_USAGE = YES_ERROR;
				CLANG_WARN_DOCUMENTATION_COMMENTS = YES;
				CLANG_WARN_EMPTY_BODY = YES;
				CLANG_WARN_ENUM_CONVERSION = YES;
				CLANG_WARN_INFINITE_RECURSION = YES;
				CLANG_WARN_INT_CONVERSION = YES;
				CLANG_WARN_NON_LITERAL_NULL_CONVERSION = YES;
				CLANG_WARN_OBJC_IMPLICIT_RETAIN_SELF = YES;
				CLANG_WARN_OBJC_LITERAL_CONVERSION = YES;
				CLANG_WARN_OBJC_ROOT_CLASS = YES_ERROR;
				CLANG_WARN_QUOTED_INCLUDE_IN_FRAMEWORK_HEADER = YES;
				CLANG_WARN_RANGE_LOOP_ANALYSIS = YES;
				CLANG_WARN_STRICT_PROTOTYPES = YES;
				CLANG_WARN_SUSPICIOUS_MOVE = YES;
				CLANG_WARN_UNGUARDED_AVAILABILITY = YES_AGGRESSIVE;
				CLANG_WARN_UNREACHABLE_CODE = YES;
				CLANG_WARN__DUPLICATE_METHOD_MATCH = YES;
				COPY_PHASE_STRIP = NO;
				DEBUG_INFORMATION_FORMAT = dwarf;
				ENABLE_STRICT_OBJC_MSGSEND = YES;
				ENABLE_TESTABILITY = YES;
				GCC_C_LANGUAGE_STANDARD = gnu11;
				GCC_DYNAMIC_NO_PIC = NO;
				GCC_NO_COMMON_BLOCKS = YES;
				GCC_OPTIMIZATION_LEVEL = 0;
				GCC_PREPROCESSOR_DEFINITIONS = (
					"DEBUG=1",
					"$(inherited)",
				);
				GCC_WARN_64_TO_32_BIT_CONVERSION = YES;
				GCC_WARN_ABOUT_RETURN_TYPE = YES_ERROR;
				GCC_WARN_UNDECLARED_SELECTOR = YES;
				GCC_WARN_UNINITIALIZED_AUTOS = YES_AGGRESSIVE;
				GCC_WARN_UNUSED_FUNCTION = YES;
				GCC_WARN_UNUSED_VARIABLE = YES;
				IPHONEOS_DEPLOYMENT_TARGET = 16.0;
				MTL_ENABLE_DEBUG_INFO = INCLUDE_SOURCE;
				MTL_FAST_MATH = YES;
				ONLY_ACTIVE_ARCH = YES;
				SDKROOT = iphoneos;
				SWIFT_ACTIVE_COMPILATION_CONDITIONS = DEBUG;
				SWIFT_OPTIMIZATION_LEVEL = "-Onone";
			};
			name = Debug;
		};
		387C232B28D0D7DA005E9D2A /* Release */ = {
			isa = XCBuildConfiguration;
			buildSettings = {
				ALWAYS_SEARCH_USER_PATHS = NO;
				CLANG_ANALYZER_NONNULL = YES;
				CLANG_ANALYZER_NUMBER_OBJECT_CONVERSION = YES_AGGRESSIVE;
				CLANG_CXX_LANGUAGE_STANDARD = "gnu++20";
				CLANG_ENABLE_MODULES = YES;
				CLANG_ENABLE_OBJC_ARC = YES;
				CLANG_ENABLE_OBJC_WEAK = YES;
				CLANG_WARN_BLOCK_CAPTURE_AUTORELEASING = YES;
				CLANG_WARN_BOOL_CONVERSION = YES;
				CLANG_WARN_COMMA = YES;
				CLANG_WARN_CONSTANT_CONVERSION = YES;
				CLANG_WARN_DEPRECATED_OBJC_IMPLEMENTATIONS = YES;
				CLANG_WARN_DIRECT_OBJC_ISA_USAGE = YES_ERROR;
				CLANG_WARN_DOCUMENTATION_COMMENTS = YES;
				CLANG_WARN_EMPTY_BODY = YES;
				CLANG_WARN_ENUM_CONVERSION = YES;
				CLANG_WARN_INFINITE_RECURSION = YES;
				CLANG_WARN_INT_CONVERSION = YES;
				CLANG_WARN_NON_LITERAL_NULL_CONVERSION = YES;
				CLANG_WARN_OBJC_IMPLICIT_RETAIN_SELF = YES;
				CLANG_WARN_OBJC_LITERAL_CONVERSION = YES;
				CLANG_WARN_OBJC_ROOT_CLASS = YES_ERROR;
				CLANG_WARN_QUOTED_INCLUDE_IN_FRAMEWORK_HEADER = YES;
				CLANG_WARN_RANGE_LOOP_ANALYSIS = YES;
				CLANG_WARN_STRICT_PROTOTYPES = YES;
				CLANG_WARN_SUSPICIOUS_MOVE = YES;
				CLANG_WARN_UNGUARDED_AVAILABILITY = YES_AGGRESSIVE;
				CLANG_WARN_UNREACHABLE_CODE = YES;
				CLANG_WARN__DUPLICATE_METHOD_MATCH = YES;
				COPY_PHASE_STRIP = NO;
				DEBUG_INFORMATION_FORMAT = "dwarf-with-dsym";
				ENABLE_NS_ASSERTIONS = NO;
				ENABLE_STRICT_OBJC_MSGSEND = YES;
				GCC_C_LANGUAGE_STANDARD = gnu11;
				GCC_NO_COMMON_BLOCKS = YES;
				GCC_WARN_64_TO_32_BIT_CONVERSION = YES;
				GCC_WARN_ABOUT_RETURN_TYPE = YES_ERROR;
				GCC_WARN_UNDECLARED_SELECTOR = YES;
				GCC_WARN_UNINITIALIZED_AUTOS = YES_AGGRESSIVE;
				GCC_WARN_UNUSED_FUNCTION = YES;
				GCC_WARN_UNUSED_VARIABLE = YES;
				IPHONEOS_DEPLOYMENT_TARGET = 16.0;
				MTL_ENABLE_DEBUG_INFO = NO;
				MTL_FAST_MATH = YES;
				SDKROOT = iphoneos;
				SWIFT_COMPILATION_MODE = wholemodule;
				SWIFT_OPTIMIZATION_LEVEL = "-O";
				VALIDATE_PRODUCT = YES;
			};
			name = Release;
		};
		387C232D28D0D7DA005E9D2A /* Debug */ = {
			isa = XCBuildConfiguration;
			buildSettings = {
				ASSETCATALOG_COMPILER_APPICON_NAME = AppIcon;
				ASSETCATALOG_COMPILER_GLOBAL_ACCENT_COLOR_NAME = AccentColor;
				CODE_SIGN_STYLE = Automatic;
				CURRENT_PROJECT_VERSION = 1;
				GENERATE_INFOPLIST_FILE = YES;
				INFOPLIST_FILE = Gutta_FirstApp/Info.plist;
				INFOPLIST_KEY_CFBundleDisplayName = Gutta_FirstApp;
				INFOPLIST_KEY_UIApplicationSupportsIndirectInputEvents = YES;
				INFOPLIST_KEY_UILaunchStoryboardName = LaunchScreen;
				INFOPLIST_KEY_UIMainStoryboardFile = Main;
				INFOPLIST_KEY_UISupportedInterfaceOrientations_iPad = "UIInterfaceOrientationPortrait UIInterfaceOrientationPortraitUpsideDown UIInterfaceOrientationLandscapeLeft UIInterfaceOrientationLandscapeRight";
				INFOPLIST_KEY_UISupportedInterfaceOrientations_iPhone = "UIInterfaceOrientationPortrait UIInterfaceOrientationLandscapeLeft UIInterfaceOrientationLandscapeRight";
				LD_RUNPATH_SEARCH_PATHS = (
					"$(inherited)",
					"@executable_path/Frameworks",
				);
				MARKETING_VERSION = 1.0;
				PRODUCT_BUNDLE_IDENTIFIER = "nwmsu.Gutta-FirstApp";
				PRODUCT_NAME = "$(TARGET_NAME)";
				SWIFT_EMIT_LOC_STRINGS = YES;
				SWIFT_VERSION = 5.0;
				TARGETED_DEVICE_FAMILY = "1,2";
			};
			name = Debug;
		};
		387C232E28D0D7DA005E9D2A /* Release */ = {
			isa = XCBuildConfiguration;
			buildSettings = {
				ASSETCATALOG_COMPILER_APPICON_NAME = AppIcon;
				ASSETCATALOG_COMPILER_GLOBAL_ACCENT_COLOR_NAME = AccentColor;
				CODE_SIGN_STYLE = Automatic;
				CURRENT_PROJECT_VERSION = 1;
				GENERATE_INFOPLIST_FILE = YES;
				INFOPLIST_FILE = Gutta_FirstApp/Info.plist;
				INFOPLIST_KEY_CFBundleDisplayName = Gutta_FirstApp;
				INFOPLIST_KEY_UIApplicationSupportsIndirectInputEvents = YES;
				INFOPLIST_KEY_UILaunchStoryboardName = LaunchScreen;
				INFOPLIST_KEY_UIMainStoryboardFile = Main;
				INFOPLIST_KEY_UISupportedInterfaceOrientations_iPad = "UIInterfaceOrientationPortrait UIInterfaceOrientationPortraitUpsideDown UIInterfaceOrientationLandscapeLeft UIInterfaceOrientationLandscapeRight";
				INFOPLIST_KEY_UISupportedInterfaceOrientations_iPhone = "UIInterfaceOrientationPortrait UIInterfaceOrientationLandscapeLeft UIInterfaceOrientationLandscapeRight";
				LD_RUNPATH_SEARCH_PATHS = (
					"$(inherited)",
					"@executable_path/Frameworks",
				);
				MARKETING_VERSION = 1.0;
				PRODUCT_BUNDLE_IDENTIFIER = "nwmsu.Gutta-FirstApp";
				PRODUCT_NAME = "$(TARGET_NAME)";
				SWIFT_EMIT_LOC_STRINGS = YES;
				SWIFT_VERSION = 5.0;
				TARGETED_DEVICE_FAMILY = "1,2";
			};
			name = Release;
		};
		387C233028D0D7DA005E9D2A /* Debug */ = {
			isa = XCBuildConfiguration;
			buildSettings = {
				ALWAYS_EMBED_SWIFT_STANDARD_LIBRARIES = YES;
				BUNDLE_LOADER = "$(TEST_HOST)";
				CODE_SIGN_STYLE = Automatic;
				CURRENT_PROJECT_VERSION = 1;
				GENERATE_INFOPLIST_FILE = YES;
				IPHONEOS_DEPLOYMENT_TARGET = 16.0;
				MARKETING_VERSION = 1.0;
				PRODUCT_BUNDLE_IDENTIFIER = "nwmsu.Gutta-FirstAppTests";
				PRODUCT_NAME = "$(TARGET_NAME)";
				SWIFT_EMIT_LOC_STRINGS = NO;
				SWIFT_VERSION = 5.0;
				TARGETED_DEVICE_FAMILY = "1,2";
				TEST_HOST = "$(BUILT_PRODUCTS_DIR)/Gutta_FirstApp.app/$(BUNDLE_EXECUTABLE_FOLDER_PATH)/Gutta_FirstApp";
			};
			name = Debug;
		};
		387C233128D0D7DA005E9D2A /* Release */ = {
			isa = XCBuildConfiguration;
			buildSettings = {
				ALWAYS_EMBED_SWIFT_STANDARD_LIBRARIES = YES;
				BUNDLE_LOADER = "$(TEST_HOST)";
				CODE_SIGN_STYLE = Automatic;
				CURRENT_PROJECT_VERSION = 1;
				GENERATE_INFOPLIST_FILE = YES;
				IPHONEOS_DEPLOYMENT_TARGET = 16.0;
				MARKETING_VERSION = 1.0;
				PRODUCT_BUNDLE_IDENTIFIER = "nwmsu.Gutta-FirstAppTests";
				PRODUCT_NAME = "$(TARGET_NAME)";
				SWIFT_EMIT_LOC_STRINGS = NO;
				SWIFT_VERSION = 5.0;
				TARGETED_DEVICE_FAMILY = "1,2";
				TEST_HOST = "$(BUILT_PRODUCTS_DIR)/Gutta_FirstApp.app/$(BUNDLE_EXECUTABLE_FOLDER_PATH)/Gutta_FirstApp";
			};
			name = Release;
		};
		387C233328D0D7DA005E9D2A /* Debug */ = {
			isa = XCBuildConfiguration;
			buildSettings = {
				ALWAYS_EMBED_SWIFT_STANDARD_LIBRARIES = YES;
				CODE_SIGN_STYLE = Automatic;
				CURRENT_PROJECT_VERSION = 1;
				GENERATE_INFOPLIST_FILE = YES;
				MARKETING_VERSION = 1.0;
				PRODUCT_BUNDLE_IDENTIFIER = "nwmsu.Gutta-FirstAppUITests";
				PRODUCT_NAME = "$(TARGET_NAME)";
				SWIFT_EMIT_LOC_STRINGS = NO;
				SWIFT_VERSION = 5.0;
				TARGETED_DEVICE_FAMILY = "1,2";
				TEST_TARGET_NAME = Gutta_FirstApp;
			};
			name = Debug;
		};
		387C233428D0D7DA005E9D2A /* Release */ = {
			isa = XCBuildConfiguration;
			buildSettings = {
				ALWAYS_EMBED_SWIFT_STANDARD_LIBRARIES = YES;
				CODE_SIGN_STYLE = Automatic;
				CURRENT_PROJECT_VERSION = 1;
				GENERATE_INFOPLIST_FILE = YES;
				MARKETING_VERSION = 1.0;
				PRODUCT_BUNDLE_IDENTIFIER = "nwmsu.Gutta-FirstAppUITests";
				PRODUCT_NAME = "$(TARGET_NAME)";
				SWIFT_EMIT_LOC_STRINGS = NO;
				SWIFT_VERSION = 5.0;
				TARGETED_DEVICE_FAMILY = "1,2";
				TEST_TARGET_NAME = Gutta_FirstApp;
			};
			name = Release;
		};
/* End XCBuildConfiguration section */

/* Begin XCConfigurationList section */
		387C22FD28D0D7D9005E9D2A /* Build configuration list for PBXProject "Gutta_FirstApp" */ = {
			isa = XCConfigurationList;
			buildConfigurations = (
				387C232A28D0D7DA005E9D2A /* Debug */,
				387C232B28D0D7DA005E9D2A /* Release */,
			);
			defaultConfigurationIsVisible = 0;
			defaultConfigurationName = Release;
		};
		387C232C28D0D7DA005E9D2A /* Build configuration list for PBXNativeTarget "Gutta_FirstApp" */ = {
			isa = XCConfigurationList;
			buildConfigurations = (
				387C232D28D0D7DA005E9D2A /* Debug */,
				387C232E28D0D7DA005E9D2A /* Release */,
			);
			defaultConfigurationIsVisible = 0;
			defaultConfigurationName = Release;
		};
		387C232F28D0D7DA005E9D2A /* Build configuration list for PBXNativeTarget "Gutta_FirstAppTests" */ = {
			isa = XCConfigurationList;
			buildConfigurations = (
				387C233028D0D7DA005E9D2A /* Debug */,
				387C233128D0D7DA005E9D2A /* Release */,
			);
			defaultConfigurationIsVisible = 0;
			defaultConfigurationName = Release;
		};
		387C233228D0D7DA005E9D2A /* Build configuration list for PBXNativeTarget "Gutta_FirstAppUITests" */ = {
			isa = XCConfigurationList;
			buildConfigurations = (
				387C233328D0D7DA005E9D2A /* Debug */,
				387C233428D0D7DA005E9D2A /* Release */,
			);
			defaultConfigurationIsVisible = 0;
			defaultConfigurationName = Release;
		};
/* End XCConfigurationList section */
	};
	rootObject = 387C22FA28D0D7D9005E9D2A /* Project object */;
}
