// !$*UTF8*$!
{
	archiveVersion = 1;
	classes = {
	};
	objectVersion = 55;
	objects = {

/* Begin PBXBuildFile section */
		3804ABE728C0E63200CF0042 /* AppDelegate.swift in Sources */ = {isa = PBXBuildFile; fileRef = 3804ABE628C0E63200CF0042 /* AppDelegate.swift */; };
		3804ABE928C0E63200CF0042 /* SceneDelegate.swift in Sources */ = {isa = PBXBuildFile; fileRef = 3804ABE828C0E63200CF0042 /* SceneDelegate.swift */; };
		3804ABEB28C0E63200CF0042 /* ViewController.swift in Sources */ = {isa = PBXBuildFile; fileRef = 3804ABEA28C0E63200CF0042 /* ViewController.swift */; };
		3804ABEE28C0E63200CF0042 /* Main.storyboard in Resources */ = {isa = PBXBuildFile; fileRef = 3804ABEC28C0E63200CF0042 /* Main.storyboard */; };
		3804ABF028C0E63500CF0042 /* Assets.xcassets in Resources */ = {isa = PBXBuildFile; fileRef = 3804ABEF28C0E63500CF0042 /* Assets.xcassets */; };
		3804ABF328C0E63500CF0042 /* LaunchScreen.storyboard in Resources */ = {isa = PBXBuildFile; fileRef = 3804ABF128C0E63500CF0042 /* LaunchScreen.storyboard */; };
		3804ABFE28C0E63500CF0042 /* calculatorAppTests.swift in Sources */ = {isa = PBXBuildFile; fileRef = 3804ABFD28C0E63500CF0042 /* calculatorAppTests.swift */; };
		3804AC0828C0E63500CF0042 /* calculatorAppUITests.swift in Sources */ = {isa = PBXBuildFile; fileRef = 3804AC0728C0E63500CF0042 /* calculatorAppUITests.swift */; };
		3804AC0A28C0E63500CF0042 /* calculatorAppUITestsLaunchTests.swift in Sources */ = {isa = PBXBuildFile; fileRef = 3804AC0928C0E63500CF0042 /* calculatorAppUITestsLaunchTests.swift */; };
/* End PBXBuildFile section */

/* Begin PBXContainerItemProxy section */
		3804ABFA28C0E63500CF0042 /* PBXContainerItemProxy */ = {
			isa = PBXContainerItemProxy;
			containerPortal = 3804ABDB28C0E63200CF0042 /* Project object */;
			proxyType = 1;
			remoteGlobalIDString = 3804ABE228C0E63200CF0042;
			remoteInfo = calculatorApp;
		};
		3804AC0428C0E63500CF0042 /* PBXContainerItemProxy */ = {
			isa = PBXContainerItemProxy;
			containerPortal = 3804ABDB28C0E63200CF0042 /* Project object */;
			proxyType = 1;
			remoteGlobalIDString = 3804ABE228C0E63200CF0042;
			remoteInfo = calculatorApp;
		};
/* End PBXContainerItemProxy section */

/* Begin PBXFileReference section */
		3804ABE328C0E63200CF0042 /* calculatorApp.app */ = {isa = PBXFileReference; explicitFileType = wrapper.application; includeInIndex = 0; path = calculatorApp.app; sourceTree = BUILT_PRODUCTS_DIR; };
		3804ABE628C0E63200CF0042 /* AppDelegate.swift */ = {isa = PBXFileReference; lastKnownFileType = sourcecode.swift; path = AppDelegate.swift; sourceTree = "<group>"; };
		3804ABE828C0E63200CF0042 /* SceneDelegate.swift */ = {isa = PBXFileReference; lastKnownFileType = sourcecode.swift; path = SceneDelegate.swift; sourceTree = "<group>"; };
		3804ABEA28C0E63200CF0042 /* ViewController.swift */ = {isa = PBXFileReference; lastKnownFileType = sourcecode.swift; path = ViewController.swift; sourceTree = "<group>"; };
		3804ABED28C0E63200CF0042 /* Base */ = {isa = PBXFileReference; lastKnownFileType = file.storyboard; name = Base; path = Base.lproj/Main.storyboard; sourceTree = "<group>"; };
		3804ABEF28C0E63500CF0042 /* Assets.xcassets */ = {isa = PBXFileReference; lastKnownFileType = folder.assetcatalog; path = Assets.xcassets; sourceTree = "<group>"; };
		3804ABF228C0E63500CF0042 /* Base */ = {isa = PBXFileReference; lastKnownFileType = file.storyboard; name = Base; path = Base.lproj/LaunchScreen.storyboard; sourceTree = "<group>"; };
		3804ABF428C0E63500CF0042 /* Info.plist */ = {isa = PBXFileReference; lastKnownFileType = text.plist.xml; path = Info.plist; sourceTree = "<group>"; };
		3804ABF928C0E63500CF0042 /* calculatorAppTests.xctest */ = {isa = PBXFileReference; explicitFileType = wrapper.cfbundle; includeInIndex = 0; path = calculatorAppTests.xctest; sourceTree = BUILT_PRODUCTS_DIR; };
		3804ABFD28C0E63500CF0042 /* calculatorAppTests.swift */ = {isa = PBXFileReference; lastKnownFileType = sourcecode.swift; path = calculatorAppTests.swift; sourceTree = "<group>"; };
		3804AC0328C0E63500CF0042 /* calculatorAppUITests.xctest */ = {isa = PBXFileReference; explicitFileType = wrapper.cfbundle; includeInIndex = 0; path = calculatorAppUITests.xctest; sourceTree = BUILT_PRODUCTS_DIR; };
		3804AC0728C0E63500CF0042 /* calculatorAppUITests.swift */ = {isa = PBXFileReference; lastKnownFileType = sourcecode.swift; path = calculatorAppUITests.swift; sourceTree = "<group>"; };
		3804AC0928C0E63500CF0042 /* calculatorAppUITestsLaunchTests.swift */ = {isa = PBXFileReference; lastKnownFileType = sourcecode.swift; path = calculatorAppUITestsLaunchTests.swift; sourceTree = "<group>"; };
/* End PBXFileReference section */

/* Begin PBXFrameworksBuildPhase section */
		3804ABE028C0E63200CF0042 /* Frameworks */ = {
			isa = PBXFrameworksBuildPhase;
			buildActionMask = 2147483647;
			files = (
			);
			runOnlyForDeploymentPostprocessing = 0;
		};
		3804ABF628C0E63500CF0042 /* Frameworks */ = {
			isa = PBXFrameworksBuildPhase;
			buildActionMask = 2147483647;
			files = (
			);
			runOnlyForDeploymentPostprocessing = 0;
		};
		3804AC0028C0E63500CF0042 /* Frameworks */ = {
			isa = PBXFrameworksBuildPhase;
			buildActionMask = 2147483647;
			files = (
			);
			runOnlyForDeploymentPostprocessing = 0;
		};
/* End PBXFrameworksBuildPhase section */

/* Begin PBXGroup section */
		3804ABDA28C0E63200CF0042 = {
			isa = PBXGroup;
			children = (
				3804ABE528C0E63200CF0042 /* calculatorApp */,
				3804ABFC28C0E63500CF0042 /* calculatorAppTests */,
				3804AC0628C0E63500CF0042 /* calculatorAppUITests */,
				3804ABE428C0E63200CF0042 /* Products */,
			);
			sourceTree = "<group>";
		};
		3804ABE428C0E63200CF0042 /* Products */ = {
			isa = PBXGroup;
			children = (
				3804ABE328C0E63200CF0042 /* calculatorApp.app */,
				3804ABF928C0E63500CF0042 /* calculatorAppTests.xctest */,
				3804AC0328C0E63500CF0042 /* calculatorAppUITests.xctest */,
			);
			name = Products;
			sourceTree = "<group>";
		};
		3804ABE528C0E63200CF0042 /* calculatorApp */ = {
			isa = PBXGroup;
			children = (
				3804ABE628C0E63200CF0042 /* AppDelegate.swift */,
				3804ABE828C0E63200CF0042 /* SceneDelegate.swift */,
				3804ABEA28C0E63200CF0042 /* ViewController.swift */,
				3804ABEC28C0E63200CF0042 /* Main.storyboard */,
				3804ABEF28C0E63500CF0042 /* Assets.xcassets */,
				3804ABF128C0E63500CF0042 /* LaunchScreen.storyboard */,
				3804ABF428C0E63500CF0042 /* Info.plist */,
			);
			path = calculatorApp;
			sourceTree = "<group>";
		};
		3804ABFC28C0E63500CF0042 /* calculatorAppTests */ = {
			isa = PBXGroup;
			children = (
				3804ABFD28C0E63500CF0042 /* calculatorAppTests.swift */,
			);
			path = calculatorAppTests;
			sourceTree = "<group>";
		};
		3804AC0628C0E63500CF0042 /* calculatorAppUITests */ = {
			isa = PBXGroup;
			children = (
				3804AC0728C0E63500CF0042 /* calculatorAppUITests.swift */,
				3804AC0928C0E63500CF0042 /* calculatorAppUITestsLaunchTests.swift */,
			);
			path = calculatorAppUITests;
			sourceTree = "<group>";
		};
/* End PBXGroup section */

/* Begin PBXNativeTarget section */
		3804ABE228C0E63200CF0042 /* calculatorApp */ = {
			isa = PBXNativeTarget;
			buildConfigurationList = 3804AC0D28C0E63500CF0042 /* Build configuration list for PBXNativeTarget "calculatorApp" */;
			buildPhases = (
				3804ABDF28C0E63200CF0042 /* Sources */,
				3804ABE028C0E63200CF0042 /* Frameworks */,
				3804ABE128C0E63200CF0042 /* Resources */,
			);
			buildRules = (
			);
			dependencies = (
			);
			name = calculatorApp;
			productName = calculatorApp;
			productReference = 3804ABE328C0E63200CF0042 /* calculatorApp.app */;
			productType = "com.apple.product-type.application";
		};
		3804ABF828C0E63500CF0042 /* calculatorAppTests */ = {
			isa = PBXNativeTarget;
			buildConfigurationList = 3804AC1028C0E63500CF0042 /* Build configuration list for PBXNativeTarget "calculatorAppTests" */;
			buildPhases = (
				3804ABF528C0E63500CF0042 /* Sources */,
				3804ABF628C0E63500CF0042 /* Frameworks */,
				3804ABF728C0E63500CF0042 /* Resources */,
			);
			buildRules = (
			);
			dependencies = (
				3804ABFB28C0E63500CF0042 /* PBXTargetDependency */,
			);
			name = calculatorAppTests;
			productName = calculatorAppTests;
			productReference = 3804ABF928C0E63500CF0042 /* calculatorAppTests.xctest */;
			productType = "com.apple.product-type.bundle.unit-test";
		};
		3804AC0228C0E63500CF0042 /* calculatorAppUITests */ = {
			isa = PBXNativeTarget;
			buildConfigurationList = 3804AC1328C0E63500CF0042 /* Build configuration list for PBXNativeTarget "calculatorAppUITests" */;
			buildPhases = (
				3804ABFF28C0E63500CF0042 /* Sources */,
				3804AC0028C0E63500CF0042 /* Frameworks */,
				3804AC0128C0E63500CF0042 /* Resources */,
			);
			buildRules = (
			);
			dependencies = (
				3804AC0528C0E63500CF0042 /* PBXTargetDependency */,
			);
			name = calculatorAppUITests;
			productName = calculatorAppUITests;
			productReference = 3804AC0328C0E63500CF0042 /* calculatorAppUITests.xctest */;
			productType = "com.apple.product-type.bundle.ui-testing";
		};
/* End PBXNativeTarget section */

/* Begin PBXProject section */
		3804ABDB28C0E63200CF0042 /* Project object */ = {
			isa = PBXProject;
			attributes = {
				BuildIndependentTargetsInParallel = 1;
				LastSwiftUpdateCheck = 1340;
				LastUpgradeCheck = 1340;
				TargetAttributes = {
					3804ABE228C0E63200CF0042 = {
						CreatedOnToolsVersion = 13.4.1;
					};
					3804ABF828C0E63500CF0042 = {
						CreatedOnToolsVersion = 13.4.1;
						TestTargetID = 3804ABE228C0E63200CF0042;
					};
					3804AC0228C0E63500CF0042 = {
						CreatedOnToolsVersion = 13.4.1;
						TestTargetID = 3804ABE228C0E63200CF0042;
					};
				};
			};
			buildConfigurationList = 3804ABDE28C0E63200CF0042 /* Build configuration list for PBXProject "calculatorApp" */;
			compatibilityVersion = "Xcode 13.0";
			developmentRegion = en;
			hasScannedForEncodings = 0;
			knownRegions = (
				en,
				Base,
			);
			mainGroup = 3804ABDA28C0E63200CF0042;
			productRefGroup = 3804ABE428C0E63200CF0042 /* Products */;
			projectDirPath = "";
			projectRoot = "";
			targets = (
				3804ABE228C0E63200CF0042 /* calculatorApp */,
				3804ABF828C0E63500CF0042 /* calculatorAppTests */,
				3804AC0228C0E63500CF0042 /* calculatorAppUITests */,
			);
		};
/* End PBXProject section */

/* Begin PBXResourcesBuildPhase section */
		3804ABE128C0E63200CF0042 /* Resources */ = {
			isa = PBXResourcesBuildPhase;
			buildActionMask = 2147483647;
			files = (
				3804ABF328C0E63500CF0042 /* LaunchScreen.storyboard in Resources */,
				3804ABF028C0E63500CF0042 /* Assets.xcassets in Resources */,
				3804ABEE28C0E63200CF0042 /* Main.storyboard in Resources */,
			);
			runOnlyForDeploymentPostprocessing = 0;
		};
		3804ABF728C0E63500CF0042 /* Resources */ = {
			isa = PBXResourcesBuildPhase;
			buildActionMask = 2147483647;
			files = (
			);
			runOnlyForDeploymentPostprocessing = 0;
		};
		3804AC0128C0E63500CF0042 /* Resources */ = {
			isa = PBXResourcesBuildPhase;
			buildActionMask = 2147483647;
			files = (
			);
			runOnlyForDeploymentPostprocessing = 0;
		};
/* End PBXResourcesBuildPhase section */

/* Begin PBXSourcesBuildPhase section */
		3804ABDF28C0E63200CF0042 /* Sources */ = {
			isa = PBXSourcesBuildPhase;
			buildActionMask = 2147483647;
			files = (
				3804ABEB28C0E63200CF0042 /* ViewController.swift in Sources */,
				3804ABE728C0E63200CF0042 /* AppDelegate.swift in Sources */,
				3804ABE928C0E63200CF0042 /* SceneDelegate.swift in Sources */,
			);
			runOnlyForDeploymentPostprocessing = 0;
		};
		3804ABF528C0E63500CF0042 /* Sources */ = {
			isa = PBXSourcesBuildPhase;
			buildActionMask = 2147483647;
			files = (
				3804ABFE28C0E63500CF0042 /* calculatorAppTests.swift in Sources */,
			);
			runOnlyForDeploymentPostprocessing = 0;
		};
		3804ABFF28C0E63500CF0042 /* Sources */ = {
			isa = PBXSourcesBuildPhase;
			buildActionMask = 2147483647;
			files = (
				3804AC0A28C0E63500CF0042 /* calculatorAppUITestsLaunchTests.swift in Sources */,
				3804AC0828C0E63500CF0042 /* calculatorAppUITests.swift in Sources */,
			);
			runOnlyForDeploymentPostprocessing = 0;
		};
/* End PBXSourcesBuildPhase section */

/* Begin PBXTargetDependency section */
		3804ABFB28C0E63500CF0042 /* PBXTargetDependency */ = {
			isa = PBXTargetDependency;
			target = 3804ABE228C0E63200CF0042 /* calculatorApp */;
			targetProxy = 3804ABFA28C0E63500CF0042 /* PBXContainerItemProxy */;
		};
		3804AC0528C0E63500CF0042 /* PBXTargetDependency */ = {
			isa = PBXTargetDependency;
			target = 3804ABE228C0E63200CF0042 /* calculatorApp */;
			targetProxy = 3804AC0428C0E63500CF0042 /* PBXContainerItemProxy */;
		};
/* End PBXTargetDependency section */

/* Begin PBXVariantGroup section */
		3804ABEC28C0E63200CF0042 /* Main.storyboard */ = {
			isa = PBXVariantGroup;
			children = (
				3804ABED28C0E63200CF0042 /* Base */,
			);
			name = Main.storyboard;
			sourceTree = "<group>";
		};
		3804ABF128C0E63500CF0042 /* LaunchScreen.storyboard */ = {
			isa = PBXVariantGroup;
			children = (
				3804ABF228C0E63500CF0042 /* Base */,
			);
			name = LaunchScreen.storyboard;
			sourceTree = "<group>";
		};
/* End PBXVariantGroup section */

/* Begin XCBuildConfiguration section */
		3804AC0B28C0E63500CF0042 /* Debug */ = {
			isa = XCBuildConfiguration;
			buildSettings = {
				ALWAYS_SEARCH_USER_PATHS = NO;
				CLANG_ANALYZER_NONNULL = YES;
				CLANG_ANALYZER_NUMBER_OBJECT_CONVERSION = YES_AGGRESSIVE;
				CLANG_CXX_LANGUAGE_STANDARD = "gnu++17";
				CLANG_ENABLE_MODULES = YES;
				CLANG_ENABLE_OBJC_ARC = YES;
				CLANG_ENABLE_OBJC_WEAK = YES;
				CLANG_WARN_BLOCK_CAPTURE_AUTORELEASING = YES;
				CLANG_WARN_BOOL_CONVERSION = YES;
				CLANG_WARN_COMMA = YES;
				CLANG_WARN_CONSTANT_CONVERSION = YES;
				CLANG_WARN_DEPRECATED_OBJC_IMPLEMENTATIONS = YES;
				CLANG_WARN_DIRECT_OBJC_ISA_USAGE = YES_ERROR;
				CLANG_WARN_DOCUMENTATION_COMMENTS = YES;
				CLANG_WARN_EMPTY_BODY = YES;
				CLANG_WARN_ENUM_CONVERSION = YES;
				CLANG_WARN_INFINITE_RECURSION = YES;
				CLANG_WARN_INT_CONVERSION = YES;
				CLANG_WARN_NON_LITERAL_NULL_CONVERSION = YES;
				CLANG_WARN_OBJC_IMPLICIT_RETAIN_SELF = YES;
				CLANG_WARN_OBJC_LITERAL_CONVERSION = YES;
				CLANG_WARN_OBJC_ROOT_CLASS = YES_ERROR;
				CLANG_WARN_QUOTED_INCLUDE_IN_FRAMEWORK_HEADER = YES;
				CLANG_WARN_RANGE_LOOP_ANALYSIS = YES;
				CLANG_WARN_STRICT_PROTOTYPES = YES;
				CLANG_WARN_SUSPICIOUS_MOVE = YES;
				CLANG_WARN_UNGUARDED_AVAILABILITY = YES_AGGRESSIVE;
				CLANG_WARN_UNREACHABLE_CODE = YES;
				CLANG_WARN__DUPLICATE_METHOD_MATCH = YES;
				COPY_PHASE_STRIP = NO;
				DEBUG_INFORMATION_FORMAT = dwarf;
				ENABLE_STRICT_OBJC_MSGSEND = YES;
				ENABLE_TESTABILITY = YES;
				GCC_C_LANGUAGE_STANDARD = gnu11;
				GCC_DYNAMIC_NO_PIC = NO;
				GCC_NO_COMMON_BLOCKS = YES;
				GCC_OPTIMIZATION_LEVEL = 0;
				GCC_PREPROCESSOR_DEFINITIONS = (
					"DEBUG=1",
					"$(inherited)",
				);
				GCC_WARN_64_TO_32_BIT_CONVERSION = YES;
				GCC_WARN_ABOUT_RETURN_TYPE = YES_ERROR;
				GCC_WARN_UNDECLARED_SELECTOR = YES;
				GCC_WARN_UNINITIALIZED_AUTOS = YES_AGGRESSIVE;
				GCC_WARN_UNUSED_FUNCTION = YES;
				GCC_WARN_UNUSED_VARIABLE = YES;
				IPHONEOS_DEPLOYMENT_TARGET = 15.5;
				MTL_ENABLE_DEBUG_INFO = INCLUDE_SOURCE;
				MTL_FAST_MATH = YES;
				ONLY_ACTIVE_ARCH = YES;
				SDKROOT = iphoneos;
				SWIFT_ACTIVE_COMPILATION_CONDITIONS = DEBUG;
				SWIFT_OPTIMIZATION_LEVEL = "-Onone";
			};
			name = Debug;
		};
		3804AC0C28C0E63500CF0042 /* Release */ = {
			isa = XCBuildConfiguration;
			buildSettings = {
				ALWAYS_SEARCH_USER_PATHS = NO;
				CLANG_ANALYZER_NONNULL = YES;
				CLANG_ANALYZER_NUMBER_OBJECT_CONVERSION = YES_AGGRESSIVE;
				CLANG_CXX_LANGUAGE_STANDARD = "gnu++17";
				CLANG_ENABLE_MODULES = YES;
				CLANG_ENABLE_OBJC_ARC = YES;
				CLANG_ENABLE_OBJC_WEAK = YES;
				CLANG_WARN_BLOCK_CAPTURE_AUTORELEASING = YES;
				CLANG_WARN_BOOL_CONVERSION = YES;
				CLANG_WARN_COMMA = YES;
				CLANG_WARN_CONSTANT_CONVERSION = YES;
				CLANG_WARN_DEPRECATED_OBJC_IMPLEMENTATIONS = YES;
				CLANG_WARN_DIRECT_OBJC_ISA_USAGE = YES_ERROR;
				CLANG_WARN_DOCUMENTATION_COMMENTS = YES;
				CLANG_WARN_EMPTY_BODY = YES;
				CLANG_WARN_ENUM_CONVERSION = YES;
				CLANG_WARN_INFINITE_RECURSION = YES;
				CLANG_WARN_INT_CONVERSION = YES;
				CLANG_WARN_NON_LITERAL_NULL_CONVERSION = YES;
				CLANG_WARN_OBJC_IMPLICIT_RETAIN_SELF = YES;
				CLANG_WARN_OBJC_LITERAL_CONVERSION = YES;
				CLANG_WARN_OBJC_ROOT_CLASS = YES_ERROR;
				CLANG_WARN_QUOTED_INCLUDE_IN_FRAMEWORK_HEADER = YES;
				CLANG_WARN_RANGE_LOOP_ANALYSIS = YES;
				CLANG_WARN_STRICT_PROTOTYPES = YES;
				CLANG_WARN_SUSPICIOUS_MOVE = YES;
				CLANG_WARN_UNGUARDED_AVAILABILITY = YES_AGGRESSIVE;
				CLANG_WARN_UNREACHABLE_CODE = YES;
				CLANG_WARN__DUPLICATE_METHOD_MATCH = YES;
				COPY_PHASE_STRIP = NO;
				DEBUG_INFORMATION_FORMAT = "dwarf-with-dsym";
				ENABLE_NS_ASSERTIONS = NO;
				ENABLE_STRICT_OBJC_MSGSEND = YES;
				GCC_C_LANGUAGE_STANDARD = gnu11;
				GCC_NO_COMMON_BLOCKS = YES;
				GCC_WARN_64_TO_32_BIT_CONVERSION = YES;
				GCC_WARN_ABOUT_RETURN_TYPE = YES_ERROR;
				GCC_WARN_UNDECLARED_SELECTOR = YES;
				GCC_WARN_UNINITIALIZED_AUTOS = YES_AGGRESSIVE;
				GCC_WARN_UNUSED_FUNCTION = YES;
				GCC_WARN_UNUSED_VARIABLE = YES;
				IPHONEOS_DEPLOYMENT_TARGET = 15.5;
				MTL_ENABLE_DEBUG_INFO = NO;
				MTL_FAST_MATH = YES;
				SDKROOT = iphoneos;
				SWIFT_COMPILATION_MODE = wholemodule;
				SWIFT_OPTIMIZATION_LEVEL = "-O";
				VALIDATE_PRODUCT = YES;
			};
			name = Release;
		};
		3804AC0E28C0E63500CF0042 /* Debug */ = {
			isa = XCBuildConfiguration;
			buildSettings = {
				ASSETCATALOG_COMPILER_APPICON_NAME = AppIcon;
				ASSETCATALOG_COMPILER_GLOBAL_ACCENT_COLOR_NAME = AccentColor;
				CODE_SIGN_STYLE = Automatic;
				CURRENT_PROJECT_VERSION = 1;
				GENERATE_INFOPLIST_FILE = YES;
				INFOPLIST_FILE = calculatorApp/Info.plist;
				INFOPLIST_KEY_CFBundleDisplayName = CalculatorApp;
				INFOPLIST_KEY_UIApplicationSupportsIndirectInputEvents = YES;
				INFOPLIST_KEY_UILaunchStoryboardName = LaunchScreen;
				INFOPLIST_KEY_UIMainStoryboardFile = Main;
				INFOPLIST_KEY_UISupportedInterfaceOrientations_iPad = "UIInterfaceOrientationPortrait UIInterfaceOrientationPortraitUpsideDown UIInterfaceOrientationLandscapeLeft UIInterfaceOrientationLandscapeRight";
				INFOPLIST_KEY_UISupportedInterfaceOrientations_iPhone = "UIInterfaceOrientationPortrait UIInterfaceOrientationLandscapeLeft UIInterfaceOrientationLandscapeRight";
				LD_RUNPATH_SEARCH_PATHS = (
					"$(inherited)",
					"@executable_path/Frameworks",
				);
				MARKETING_VERSION = 1.0;
				PRODUCT_BUNDLE_IDENTIFIER = nwmissouri.edu.calculatorApp;
				PRODUCT_NAME = "$(TARGET_NAME)";
				SWIFT_EMIT_LOC_STRINGS = YES;
				SWIFT_VERSION = 5.0;
				TARGETED_DEVICE_FAMILY = "1,2";
			};
			name = Debug;
		};
		3804AC0F28C0E63500CF0042 /* Release */ = {
			isa = XCBuildConfiguration;
			buildSettings = {
				ASSETCATALOG_COMPILER_APPICON_NAME = AppIcon;
				ASSETCATALOG_COMPILER_GLOBAL_ACCENT_COLOR_NAME = AccentColor;
				CODE_SIGN_STYLE = Automatic;
				CURRENT_PROJECT_VERSION = 1;
				GENERATE_INFOPLIST_FILE = YES;
				INFOPLIST_FILE = calculatorApp/Info.plist;
				INFOPLIST_KEY_CFBundleDisplayName = CalculatorApp;
				INFOPLIST_KEY_UIApplicationSupportsIndirectInputEvents = YES;
				INFOPLIST_KEY_UILaunchStoryboardName = LaunchScreen;
				INFOPLIST_KEY_UIMainStoryboardFile = Main;
				INFOPLIST_KEY_UISupportedInterfaceOrientations_iPad = "UIInterfaceOrientationPortrait UIInterfaceOrientationPortraitUpsideDown UIInterfaceOrientationLandscapeLeft UIInterfaceOrientationLandscapeRight";
				INFOPLIST_KEY_UISupportedInterfaceOrientations_iPhone = "UIInterfaceOrientationPortrait UIInterfaceOrientationLandscapeLeft UIInterfaceOrientationLandscapeRight";
				LD_RUNPATH_SEARCH_PATHS = (
					"$(inherited)",
					"@executable_path/Frameworks",
				);
				MARKETING_VERSION = 1.0;
				PRODUCT_BUNDLE_IDENTIFIER = nwmissouri.edu.calculatorApp;
				PRODUCT_NAME = "$(TARGET_NAME)";
				SWIFT_EMIT_LOC_STRINGS = YES;
				SWIFT_VERSION = 5.0;
				TARGETED_DEVICE_FAMILY = "1,2";
			};
			name = Release;
		};
		3804AC1128C0E63500CF0042 /* Debug */ = {
			isa = XCBuildConfiguration;
			buildSettings = {
				ALWAYS_EMBED_SWIFT_STANDARD_LIBRARIES = YES;
				BUNDLE_LOADER = "$(TEST_HOST)";
				CODE_SIGN_STYLE = Automatic;
				CURRENT_PROJECT_VERSION = 1;
				GENERATE_INFOPLIST_FILE = YES;
				IPHONEOS_DEPLOYMENT_TARGET = 15.5;
				MARKETING_VERSION = 1.0;
				PRODUCT_BUNDLE_IDENTIFIER = nwmissouri.edu.calculatorAppTests;
				PRODUCT_NAME = "$(TARGET_NAME)";
				SWIFT_EMIT_LOC_STRINGS = NO;
				SWIFT_VERSION = 5.0;
				TARGETED_DEVICE_FAMILY = "1,2";
				TEST_HOST = "$(BUILT_PRODUCTS_DIR)/calculatorApp.app/calculatorApp";
			};
			name = Debug;
		};
		3804AC1228C0E63500CF0042 /* Release */ = {
			isa = XCBuildConfiguration;
			buildSettings = {
				ALWAYS_EMBED_SWIFT_STANDARD_LIBRARIES = YES;
				BUNDLE_LOADER = "$(TEST_HOST)";
				CODE_SIGN_STYLE = Automatic;
				CURRENT_PROJECT_VERSION = 1;
				GENERATE_INFOPLIST_FILE = YES;
				IPHONEOS_DEPLOYMENT_TARGET = 15.5;
				MARKETING_VERSION = 1.0;
				PRODUCT_BUNDLE_IDENTIFIER = nwmissouri.edu.calculatorAppTests;
				PRODUCT_NAME = "$(TARGET_NAME)";
				SWIFT_EMIT_LOC_STRINGS = NO;
				SWIFT_VERSION = 5.0;
				TARGETED_DEVICE_FAMILY = "1,2";
				TEST_HOST = "$(BUILT_PRODUCTS_DIR)/calculatorApp.app/calculatorApp";
			};
			name = Release;
		};
		3804AC1428C0E63500CF0042 /* Debug */ = {
			isa = XCBuildConfiguration;
			buildSettings = {
				ALWAYS_EMBED_SWIFT_STANDARD_LIBRARIES = YES;
				CODE_SIGN_STYLE = Automatic;
				CURRENT_PROJECT_VERSION = 1;
				GENERATE_INFOPLIST_FILE = YES;
				MARKETING_VERSION = 1.0;
				PRODUCT_BUNDLE_IDENTIFIER = nwmissouri.edu.calculatorAppUITests;
				PRODUCT_NAME = "$(TARGET_NAME)";
				SWIFT_EMIT_LOC_STRINGS = NO;
				SWIFT_VERSION = 5.0;
				TARGETED_DEVICE_FAMILY = "1,2";
				TEST_TARGET_NAME = calculatorApp;
			};
			name = Debug;
		};
		3804AC1528C0E63500CF0042 /* Release */ = {
			isa = XCBuildConfiguration;
			buildSettings = {
				ALWAYS_EMBED_SWIFT_STANDARD_LIBRARIES = YES;
				CODE_SIGN_STYLE = Automatic;
				CURRENT_PROJECT_VERSION = 1;
				GENERATE_INFOPLIST_FILE = YES;
				MARKETING_VERSION = 1.0;
				PRODUCT_BUNDLE_IDENTIFIER = nwmissouri.edu.calculatorAppUITests;
				PRODUCT_NAME = "$(TARGET_NAME)";
				SWIFT_EMIT_LOC_STRINGS = NO;
				SWIFT_VERSION = 5.0;
				TARGETED_DEVICE_FAMILY = "1,2";
				TEST_TARGET_NAME = calculatorApp;
			};
			name = Release;
		};
/* End XCBuildConfiguration section */

/* Begin XCConfigurationList section */
		3804ABDE28C0E63200CF0042 /* Build configuration list for PBXProject "calculatorApp" */ = {
			isa = XCConfigurationList;
			buildConfigurations = (
				3804AC0B28C0E63500CF0042 /* Debug */,
				3804AC0C28C0E63500CF0042 /* Release */,
			);
			defaultConfigurationIsVisible = 0;
			defaultConfigurationName = Release;
		};
		3804AC0D28C0E63500CF0042 /* Build configuration list for PBXNativeTarget "calculatorApp" */ = {
			isa = XCConfigurationList;
			buildConfigurations = (
				3804AC0E28C0E63500CF0042 /* Debug */,
				3804AC0F28C0E63500CF0042 /* Release */,
			);
			defaultConfigurationIsVisible = 0;
			defaultConfigurationName = Release;
		};
		3804AC1028C0E63500CF0042 /* Build configuration list for PBXNativeTarget "calculatorAppTests" */ = {
			isa = XCConfigurationList;
			buildConfigurations = (
				3804AC1128C0E63500CF0042 /* Debug */,
				3804AC1228C0E63500CF0042 /* Release */,
			);
			defaultConfigurationIsVisible = 0;
			defaultConfigurationName = Release;
		};
		3804AC1328C0E63500CF0042 /* Build configuration list for PBXNativeTarget "calculatorAppUITests" */ = {
			isa = XCConfigurationList;
			buildConfigurations = (
				3804AC1428C0E63500CF0042 /* Debug */,
				3804AC1528C0E63500CF0042 /* Release */,
			);
			defaultConfigurationIsVisible = 0;
			defaultConfigurationName = Release;
		};
/* End XCConfigurationList section */
	};
	rootObject = 3804ABDB28C0E63200CF0042 /* Project object */;
}
