// !$*UTF8*$!
{
	archiveVersion = 1;
	classes = {
	};
	objectVersion = 55;
	objects = {

/* Begin PBXBuildFile section */
		38F3B6FE28BE4233008E6D8D /* AppDelegate.swift in Sources */ = {isa = PBXBuildFile; fileRef = 38F3B6FD28BE4233008E6D8D /* AppDelegate.swift */; };
		38F3B70028BE4233008E6D8D /* SceneDelegate.swift in Sources */ = {isa = PBXBuildFile; fileRef = 38F3B6FF28BE4233008E6D8D /* SceneDelegate.swift */; };
		38F3B70228BE4233008E6D8D /* ViewController.swift in Sources */ = {isa = PBXBuildFile; fileRef = 38F3B70128BE4233008E6D8D /* ViewController.swift */; };
		38F3B70528BE4233008E6D8D /* Main.storyboard in Resources */ = {isa = PBXBuildFile; fileRef = 38F3B70328BE4233008E6D8D /* Main.storyboard */; };
		38F3B70728BE4235008E6D8D /* Assets.xcassets in Resources */ = {isa = PBXBuildFile; fileRef = 38F3B70628BE4235008E6D8D /* Assets.xcassets */; };
		38F3B70A28BE4235008E6D8D /* LaunchScreen.storyboard in Resources */ = {isa = PBXBuildFile; fileRef = 38F3B70828BE4235008E6D8D /* LaunchScreen.storyboard */; };
		38F3B71528BE4235008E6D8D /* Hello2AppTests.swift in Sources */ = {isa = PBXBuildFile; fileRef = 38F3B71428BE4235008E6D8D /* Hello2AppTests.swift */; };
		38F3B71F28BE4235008E6D8D /* Hello2AppUITests.swift in Sources */ = {isa = PBXBuildFile; fileRef = 38F3B71E28BE4235008E6D8D /* Hello2AppUITests.swift */; };
		38F3B72128BE4235008E6D8D /* Hello2AppUITestsLaunchTests.swift in Sources */ = {isa = PBXBuildFile; fileRef = 38F3B72028BE4235008E6D8D /* Hello2AppUITestsLaunchTests.swift */; };
/* End PBXBuildFile section */

/* Begin PBXContainerItemProxy section */
		38F3B71128BE4235008E6D8D /* PBXContainerItemProxy */ = {
			isa = PBXContainerItemProxy;
			containerPortal = 38F3B6F228BE4233008E6D8D /* Project object */;
			proxyType = 1;
			remoteGlobalIDString = 38F3B6F928BE4233008E6D8D;
			remoteInfo = Hello2App;
		};
		38F3B71B28BE4235008E6D8D /* PBXContainerItemProxy */ = {
			isa = PBXContainerItemProxy;
			containerPortal = 38F3B6F228BE4233008E6D8D /* Project object */;
			proxyType = 1;
			remoteGlobalIDString = 38F3B6F928BE4233008E6D8D;
			remoteInfo = Hello2App;
		};
/* End PBXContainerItemProxy section */

/* Begin PBXFileReference section */
		38F3B6FA28BE4233008E6D8D /* Hello2App.app */ = {isa = PBXFileReference; explicitFileType = wrapper.application; includeInIndex = 0; path = Hello2App.app; sourceTree = BUILT_PRODUCTS_DIR; };
		38F3B6FD28BE4233008E6D8D /* AppDelegate.swift */ = {isa = PBXFileReference; lastKnownFileType = sourcecode.swift; path = AppDelegate.swift; sourceTree = "<group>"; };
		38F3B6FF28BE4233008E6D8D /* SceneDelegate.swift */ = {isa = PBXFileReference; lastKnownFileType = sourcecode.swift; path = SceneDelegate.swift; sourceTree = "<group>"; };
		38F3B70128BE4233008E6D8D /* ViewController.swift */ = {isa = PBXFileReference; lastKnownFileType = sourcecode.swift; path = ViewController.swift; sourceTree = "<group>"; };
		38F3B70428BE4233008E6D8D /* Base */ = {isa = PBXFileReference; lastKnownFileType = file.storyboard; name = Base; path = Base.lproj/Main.storyboard; sourceTree = "<group>"; };
		38F3B70628BE4235008E6D8D /* Assets.xcassets */ = {isa = PBXFileReference; lastKnownFileType = folder.assetcatalog; path = Assets.xcassets; sourceTree = "<group>"; };
		38F3B70928BE4235008E6D8D /* Base */ = {isa = PBXFileReference; lastKnownFileType = file.storyboard; name = Base; path = Base.lproj/LaunchScreen.storyboard; sourceTree = "<group>"; };
		38F3B70B28BE4235008E6D8D /* Info.plist */ = {isa = PBXFileReference; lastKnownFileType = text.plist.xml; path = Info.plist; sourceTree = "<group>"; };
		38F3B71028BE4235008E6D8D /* Hello2AppTests.xctest */ = {isa = PBXFileReference; explicitFileType = wrapper.cfbundle; includeInIndex = 0; path = Hello2AppTests.xctest; sourceTree = BUILT_PRODUCTS_DIR; };
		38F3B71428BE4235008E6D8D /* Hello2AppTests.swift */ = {isa = PBXFileReference; lastKnownFileType = sourcecode.swift; path = Hello2AppTests.swift; sourceTree = "<group>"; };
		38F3B71A28BE4235008E6D8D /* Hello2AppUITests.xctest */ = {isa = PBXFileReference; explicitFileType = wrapper.cfbundle; includeInIndex = 0; path = Hello2AppUITests.xctest; sourceTree = BUILT_PRODUCTS_DIR; };
		38F3B71E28BE4235008E6D8D /* Hello2AppUITests.swift */ = {isa = PBXFileReference; lastKnownFileType = sourcecode.swift; path = Hello2AppUITests.swift; sourceTree = "<group>"; };
		38F3B72028BE4235008E6D8D /* Hello2AppUITestsLaunchTests.swift */ = {isa = PBXFileReference; lastKnownFileType = sourcecode.swift; path = Hello2AppUITestsLaunchTests.swift; sourceTree = "<group>"; };
/* End PBXFileReference section */

/* Begin PBXFrameworksBuildPhase section */
		38F3B6F728BE4233008E6D8D /* Frameworks */ = {
			isa = PBXFrameworksBuildPhase;
			buildActionMask = 2147483647;
			files = (
			);
			runOnlyForDeploymentPostprocessing = 0;
		};
		38F3B70D28BE4235008E6D8D /* Frameworks */ = {
			isa = PBXFrameworksBuildPhase;
			buildActionMask = 2147483647;
			files = (
			);
			runOnlyForDeploymentPostprocessing = 0;
		};
		38F3B71728BE4235008E6D8D /* Frameworks */ = {
			isa = PBXFrameworksBuildPhase;
			buildActionMask = 2147483647;
			files = (
			);
			runOnlyForDeploymentPostprocessing = 0;
		};
/* End PBXFrameworksBuildPhase section */

/* Begin PBXGroup section */
		38F3B6F128BE4233008E6D8D = {
			isa = PBXGroup;
			children = (
				38F3B6FC28BE4233008E6D8D /* Hello2App */,
				38F3B71328BE4235008E6D8D /* Hello2AppTests */,
				38F3B71D28BE4235008E6D8D /* Hello2AppUITests */,
				38F3B6FB28BE4233008E6D8D /* Products */,
			);
			sourceTree = "<group>";
		};
		38F3B6FB28BE4233008E6D8D /* Products */ = {
			isa = PBXGroup;
			children = (
				38F3B6FA28BE4233008E6D8D /* Hello2App.app */,
				38F3B71028BE4235008E6D8D /* Hello2AppTests.xctest */,
				38F3B71A28BE4235008E6D8D /* Hello2AppUITests.xctest */,
			);
			name = Products;
			sourceTree = "<group>";
		};
		38F3B6FC28BE4233008E6D8D /* Hello2App */ = {
			isa = PBXGroup;
			children = (
				38F3B6FD28BE4233008E6D8D /* AppDelegate.swift */,
				38F3B6FF28BE4233008E6D8D /* SceneDelegate.swift */,
				38F3B70128BE4233008E6D8D /* ViewController.swift */,
				38F3B70328BE4233008E6D8D /* Main.storyboard */,
				38F3B70628BE4235008E6D8D /* Assets.xcassets */,
				38F3B70828BE4235008E6D8D /* LaunchScreen.storyboard */,
				38F3B70B28BE4235008E6D8D /* Info.plist */,
			);
			path = Hello2App;
			sourceTree = "<group>";
		};
		38F3B71328BE4235008E6D8D /* Hello2AppTests */ = {
			isa = PBXGroup;
			children = (
				38F3B71428BE4235008E6D8D /* Hello2AppTests.swift */,
			);
			path = Hello2AppTests;
			sourceTree = "<group>";
		};
		38F3B71D28BE4235008E6D8D /* Hello2AppUITests */ = {
			isa = PBXGroup;
			children = (
				38F3B71E28BE4235008E6D8D /* Hello2AppUITests.swift */,
				38F3B72028BE4235008E6D8D /* Hello2AppUITestsLaunchTests.swift */,
			);
			path = Hello2AppUITests;
			sourceTree = "<group>";
		};
/* End PBXGroup section */

/* Begin PBXNativeTarget section */
		38F3B6F928BE4233008E6D8D /* Hello2App */ = {
			isa = PBXNativeTarget;
			buildConfigurationList = 38F3B72428BE4235008E6D8D /* Build configuration list for PBXNativeTarget "Hello2App" */;
			buildPhases = (
				38F3B6F628BE4233008E6D8D /* Sources */,
				38F3B6F728BE4233008E6D8D /* Frameworks */,
				38F3B6F828BE4233008E6D8D /* Resources */,
			);
			buildRules = (
			);
			dependencies = (
			);
			name = Hello2App;
			productName = Hello2App;
			productReference = 38F3B6FA28BE4233008E6D8D /* Hello2App.app */;
			productType = "com.apple.product-type.application";
		};
		38F3B70F28BE4235008E6D8D /* Hello2AppTests */ = {
			isa = PBXNativeTarget;
			buildConfigurationList = 38F3B72728BE4235008E6D8D /* Build configuration list for PBXNativeTarget "Hello2AppTests" */;
			buildPhases = (
				38F3B70C28BE4235008E6D8D /* Sources */,
				38F3B70D28BE4235008E6D8D /* Frameworks */,
				38F3B70E28BE4235008E6D8D /* Resources */,
			);
			buildRules = (
			);
			dependencies = (
				38F3B71228BE4235008E6D8D /* PBXTargetDependency */,
			);
			name = Hello2AppTests;
			productName = Hello2AppTests;
			productReference = 38F3B71028BE4235008E6D8D /* Hello2AppTests.xctest */;
			productType = "com.apple.product-type.bundle.unit-test";
		};
		38F3B71928BE4235008E6D8D /* Hello2AppUITests */ = {
			isa = PBXNativeTarget;
			buildConfigurationList = 38F3B72A28BE4235008E6D8D /* Build configuration list for PBXNativeTarget "Hello2AppUITests" */;
			buildPhases = (
				38F3B71628BE4235008E6D8D /* Sources */,
				38F3B71728BE4235008E6D8D /* Frameworks */,
				38F3B71828BE4235008E6D8D /* Resources */,
			);
			buildRules = (
			);
			dependencies = (
				38F3B71C28BE4235008E6D8D /* PBXTargetDependency */,
			);
			name = Hello2AppUITests;
			productName = Hello2AppUITests;
			productReference = 38F3B71A28BE4235008E6D8D /* Hello2AppUITests.xctest */;
			productType = "com.apple.product-type.bundle.ui-testing";
		};
/* End PBXNativeTarget section */

/* Begin PBXProject section */
		38F3B6F228BE4233008E6D8D /* Project object */ = {
			isa = PBXProject;
			attributes = {
				BuildIndependentTargetsInParallel = 1;
				LastSwiftUpdateCheck = 1340;
				LastUpgradeCheck = 1340;
				TargetAttributes = {
					38F3B6F928BE4233008E6D8D = {
						CreatedOnToolsVersion = 13.4.1;
					};
					38F3B70F28BE4235008E6D8D = {
						CreatedOnToolsVersion = 13.4.1;
						TestTargetID = 38F3B6F928BE4233008E6D8D;
					};
					38F3B71928BE4235008E6D8D = {
						CreatedOnToolsVersion = 13.4.1;
						TestTargetID = 38F3B6F928BE4233008E6D8D;
					};
				};
			};
			buildConfigurationList = 38F3B6F528BE4233008E6D8D /* Build configuration list for PBXProject "Hello2App" */;
			compatibilityVersion = "Xcode 13.0";
			developmentRegion = en;
			hasScannedForEncodings = 0;
			knownRegions = (
				en,
				Base,
			);
			mainGroup = 38F3B6F128BE4233008E6D8D;
			productRefGroup = 38F3B6FB28BE4233008E6D8D /* Products */;
			projectDirPath = "";
			projectRoot = "";
			targets = (
				38F3B6F928BE4233008E6D8D /* Hello2App */,
				38F3B70F28BE4235008E6D8D /* Hello2AppTests */,
				38F3B71928BE4235008E6D8D /* Hello2AppUITests */,
			);
		};
/* End PBXProject section */

/* Begin PBXResourcesBuildPhase section */
		38F3B6F828BE4233008E6D8D /* Resources */ = {
			isa = PBXResourcesBuildPhase;
			buildActionMask = 2147483647;
			files = (
				38F3B70A28BE4235008E6D8D /* LaunchScreen.storyboard in Resources */,
				38F3B70728BE4235008E6D8D /* Assets.xcassets in Resources */,
				38F3B70528BE4233008E6D8D /* Main.storyboard in Resources */,
			);
			runOnlyForDeploymentPostprocessing = 0;
		};
		38F3B70E28BE4235008E6D8D /* Resources */ = {
			isa = PBXResourcesBuildPhase;
			buildActionMask = 2147483647;
			files = (
			);
			runOnlyForDeploymentPostprocessing = 0;
		};
		38F3B71828BE4235008E6D8D /* Resources */ = {
			isa = PBXResourcesBuildPhase;
			buildActionMask = 2147483647;
			files = (
			);
			runOnlyForDeploymentPostprocessing = 0;
		};
/* End PBXResourcesBuildPhase section */

/* Begin PBXSourcesBuildPhase section */
		38F3B6F628BE4233008E6D8D /* Sources */ = {
			isa = PBXSourcesBuildPhase;
			buildActionMask = 2147483647;
			files = (
				38F3B70228BE4233008E6D8D /* ViewController.swift in Sources */,
				38F3B6FE28BE4233008E6D8D /* AppDelegate.swift in Sources */,
				38F3B70028BE4233008E6D8D /* SceneDelegate.swift in Sources */,
			);
			runOnlyForDeploymentPostprocessing = 0;
		};
		38F3B70C28BE4235008E6D8D /* Sources */ = {
			isa = PBXSourcesBuildPhase;
			buildActionMask = 2147483647;
			files = (
				38F3B71528BE4235008E6D8D /* Hello2AppTests.swift in Sources */,
			);
			runOnlyForDeploymentPostprocessing = 0;
		};
		38F3B71628BE4235008E6D8D /* Sources */ = {
			isa = PBXSourcesBuildPhase;
			buildActionMask = 2147483647;
			files = (
				38F3B72128BE4235008E6D8D /* Hello2AppUITestsLaunchTests.swift in Sources */,
				38F3B71F28BE4235008E6D8D /* Hello2AppUITests.swift in Sources */,
			);
			runOnlyForDeploymentPostprocessing = 0;
		};
/* End PBXSourcesBuildPhase section */

/* Begin PBXTargetDependency section */
		38F3B71228BE4235008E6D8D /* PBXTargetDependency */ = {
			isa = PBXTargetDependency;
			target = 38F3B6F928BE4233008E6D8D /* Hello2App */;
			targetProxy = 38F3B71128BE4235008E6D8D /* PBXContainerItemProxy */;
		};
		38F3B71C28BE4235008E6D8D /* PBXTargetDependency */ = {
			isa = PBXTargetDependency;
			target = 38F3B6F928BE4233008E6D8D /* Hello2App */;
			targetProxy = 38F3B71B28BE4235008E6D8D /* PBXContainerItemProxy */;
		};
/* End PBXTargetDependency section */

/* Begin PBXVariantGroup section */
		38F3B70328BE4233008E6D8D /* Main.storyboard */ = {
			isa = PBXVariantGroup;
			children = (
				38F3B70428BE4233008E6D8D /* Base */,
			);
			name = Main.storyboard;
			sourceTree = "<group>";
		};
		38F3B70828BE4235008E6D8D /* LaunchScreen.storyboard */ = {
			isa = PBXVariantGroup;
			children = (
				38F3B70928BE4235008E6D8D /* Base */,
			);
			name = LaunchScreen.storyboard;
			sourceTree = "<group>";
		};
/* End PBXVariantGroup section */

/* Begin XCBuildConfiguration section */
		38F3B72228BE4235008E6D8D /* Debug */ = {
			isa = XCBuildConfiguration;
			buildSettings = {
				ALWAYS_SEARCH_USER_PATHS = NO;
				CLANG_ANALYZER_NONNULL = YES;
				CLANG_ANALYZER_NUMBER_OBJECT_CONVERSION = YES_AGGRESSIVE;
				CLANG_CXX_LANGUAGE_STANDARD = "gnu++17";
				CLANG_ENABLE_MODULES = YES;
				CLANG_ENABLE_OBJC_ARC = YES;
				CLANG_ENABLE_OBJC_WEAK = YES;
				CLANG_WARN_BLOCK_CAPTURE_AUTORELEASING = YES;
				CLANG_WARN_BOOL_CONVERSION = YES;
				CLANG_WARN_COMMA = YES;
				CLANG_WARN_CONSTANT_CONVERSION = YES;
				CLANG_WARN_DEPRECATED_OBJC_IMPLEMENTATIONS = YES;
				CLANG_WARN_DIRECT_OBJC_ISA_USAGE = YES_ERROR;
				CLANG_WARN_DOCUMENTATION_COMMENTS = YES;
				CLANG_WARN_EMPTY_BODY = YES;
				CLANG_WARN_ENUM_CONVERSION = YES;
				CLANG_WARN_INFINITE_RECURSION = YES;
				CLANG_WARN_INT_CONVERSION = YES;
				CLANG_WARN_NON_LITERAL_NULL_CONVERSION = YES;
				CLANG_WARN_OBJC_IMPLICIT_RETAIN_SELF = YES;
				CLANG_WARN_OBJC_LITERAL_CONVERSION = YES;
				CLANG_WARN_OBJC_ROOT_CLASS = YES_ERROR;
				CLANG_WARN_QUOTED_INCLUDE_IN_FRAMEWORK_HEADER = YES;
				CLANG_WARN_RANGE_LOOP_ANALYSIS = YES;
				CLANG_WARN_STRICT_PROTOTYPES = YES;
				CLANG_WARN_SUSPICIOUS_MOVE = YES;
				CLANG_WARN_UNGUARDED_AVAILABILITY = YES_AGGRESSIVE;
				CLANG_WARN_UNREACHABLE_CODE = YES;
				CLANG_WARN__DUPLICATE_METHOD_MATCH = YES;
				COPY_PHASE_STRIP = NO;
				DEBUG_INFORMATION_FORMAT = dwarf;
				ENABLE_STRICT_OBJC_MSGSEND = YES;
				ENABLE_TESTABILITY = YES;
				GCC_C_LANGUAGE_STANDARD = gnu11;
				GCC_DYNAMIC_NO_PIC = NO;
				GCC_NO_COMMON_BLOCKS = YES;
				GCC_OPTIMIZATION_LEVEL = 0;
				GCC_PREPROCESSOR_DEFINITIONS = (
					"DEBUG=1",
					"$(inherited)",
				);
				GCC_WARN_64_TO_32_BIT_CONVERSION = YES;
				GCC_WARN_ABOUT_RETURN_TYPE = YES_ERROR;
				GCC_WARN_UNDECLARED_SELECTOR = YES;
				GCC_WARN_UNINITIALIZED_AUTOS = YES_AGGRESSIVE;
				GCC_WARN_UNUSED_FUNCTION = YES;
				GCC_WARN_UNUSED_VARIABLE = YES;
				IPHONEOS_DEPLOYMENT_TARGET = 15.5;
				MTL_ENABLE_DEBUG_INFO = INCLUDE_SOURCE;
				MTL_FAST_MATH = YES;
				ONLY_ACTIVE_ARCH = YES;
				SDKROOT = iphoneos;
				SWIFT_ACTIVE_COMPILATION_CONDITIONS = DEBUG;
				SWIFT_OPTIMIZATION_LEVEL = "-Onone";
			};
			name = Debug;
		};
		38F3B72328BE4235008E6D8D /* Release */ = {
			isa = XCBuildConfiguration;
			buildSettings = {
				ALWAYS_SEARCH_USER_PATHS = NO;
				CLANG_ANALYZER_NONNULL = YES;
				CLANG_ANALYZER_NUMBER_OBJECT_CONVERSION = YES_AGGRESSIVE;
				CLANG_CXX_LANGUAGE_STANDARD = "gnu++17";
				CLANG_ENABLE_MODULES = YES;
				CLANG_ENABLE_OBJC_ARC = YES;
				CLANG_ENABLE_OBJC_WEAK = YES;
				CLANG_WARN_BLOCK_CAPTURE_AUTORELEASING = YES;
				CLANG_WARN_BOOL_CONVERSION = YES;
				CLANG_WARN_COMMA = YES;
				CLANG_WARN_CONSTANT_CONVERSION = YES;
				CLANG_WARN_DEPRECATED_OBJC_IMPLEMENTATIONS = YES;
				CLANG_WARN_DIRECT_OBJC_ISA_USAGE = YES_ERROR;
				CLANG_WARN_DOCUMENTATION_COMMENTS = YES;
				CLANG_WARN_EMPTY_BODY = YES;
				CLANG_WARN_ENUM_CONVERSION = YES;
				CLANG_WARN_INFINITE_RECURSION = YES;
				CLANG_WARN_INT_CONVERSION = YES;
				CLANG_WARN_NON_LITERAL_NULL_CONVERSION = YES;
				CLANG_WARN_OBJC_IMPLICIT_RETAIN_SELF = YES;
				CLANG_WARN_OBJC_LITERAL_CONVERSION = YES;
				CLANG_WARN_OBJC_ROOT_CLASS = YES_ERROR;
				CLANG_WARN_QUOTED_INCLUDE_IN_FRAMEWORK_HEADER = YES;
				CLANG_WARN_RANGE_LOOP_ANALYSIS = YES;
				CLANG_WARN_STRICT_PROTOTYPES = YES;
				CLANG_WARN_SUSPICIOUS_MOVE = YES;
				CLANG_WARN_UNGUARDED_AVAILABILITY = YES_AGGRESSIVE;
				CLANG_WARN_UNREACHABLE_CODE = YES;
				CLANG_WARN__DUPLICATE_METHOD_MATCH = YES;
				COPY_PHASE_STRIP = NO;
				DEBUG_INFORMATION_FORMAT = "dwarf-with-dsym";
				ENABLE_NS_ASSERTIONS = NO;
				ENABLE_STRICT_OBJC_MSGSEND = YES;
				GCC_C_LANGUAGE_STANDARD = gnu11;
				GCC_NO_COMMON_BLOCKS = YES;
				GCC_WARN_64_TO_32_BIT_CONVERSION = YES;
				GCC_WARN_ABOUT_RETURN_TYPE = YES_ERROR;
				GCC_WARN_UNDECLARED_SELECTOR = YES;
				GCC_WARN_UNINITIALIZED_AUTOS = YES_AGGRESSIVE;
				GCC_WARN_UNUSED_FUNCTION = YES;
				GCC_WARN_UNUSED_VARIABLE = YES;
				IPHONEOS_DEPLOYMENT_TARGET = 15.5;
				MTL_ENABLE_DEBUG_INFO = NO;
				MTL_FAST_MATH = YES;
				SDKROOT = iphoneos;
				SWIFT_COMPILATION_MODE = wholemodule;
				SWIFT_OPTIMIZATION_LEVEL = "-O";
				VALIDATE_PRODUCT = YES;
			};
			name = Release;
		};
		38F3B72528BE4235008E6D8D /* Debug */ = {
			isa = XCBuildConfiguration;
			buildSettings = {
				ASSETCATALOG_COMPILER_APPICON_NAME = AppIcon;
				ASSETCATALOG_COMPILER_GLOBAL_ACCENT_COLOR_NAME = AccentColor;
				CODE_SIGN_STYLE = Automatic;
				CURRENT_PROJECT_VERSION = 1;
				GENERATE_INFOPLIST_FILE = YES;
				INFOPLIST_FILE = Hello2App/Info.plist;
				INFOPLIST_KEY_CFBundleDisplayName = Hello2App;
				INFOPLIST_KEY_UIApplicationSupportsIndirectInputEvents = YES;
				INFOPLIST_KEY_UILaunchStoryboardName = LaunchScreen;
				INFOPLIST_KEY_UIMainStoryboardFile = Main;
				INFOPLIST_KEY_UISupportedInterfaceOrientations_iPad = "UIInterfaceOrientationPortrait UIInterfaceOrientationPortraitUpsideDown UIInterfaceOrientationLandscapeLeft UIInterfaceOrientationLandscapeRight";
				INFOPLIST_KEY_UISupportedInterfaceOrientations_iPhone = "UIInterfaceOrientationPortrait UIInterfaceOrientationLandscapeLeft UIInterfaceOrientationLandscapeRight";
				LD_RUNPATH_SEARCH_PATHS = (
					"$(inherited)",
					"@executable_path/Frameworks",
				);
				MARKETING_VERSION = 1.0;
				PRODUCT_BUNDLE_IDENTIFIER = nwmissouri.edu.Hello2App;
				PRODUCT_NAME = "$(TARGET_NAME)";
				SWIFT_EMIT_LOC_STRINGS = YES;
				SWIFT_VERSION = 5.0;
				TARGETED_DEVICE_FAMILY = "1,2";
			};
			name = Debug;
		};
		38F3B72628BE4235008E6D8D /* Release */ = {
			isa = XCBuildConfiguration;
			buildSettings = {
				ASSETCATALOG_COMPILER_APPICON_NAME = AppIcon;
				ASSETCATALOG_COMPILER_GLOBAL_ACCENT_COLOR_NAME = AccentColor;
				CODE_SIGN_STYLE = Automatic;
				CURRENT_PROJECT_VERSION = 1;
				GENERATE_INFOPLIST_FILE = YES;
				INFOPLIST_FILE = Hello2App/Info.plist;
				INFOPLIST_KEY_CFBundleDisplayName = Hello2App;
				INFOPLIST_KEY_UIApplicationSupportsIndirectInputEvents = YES;
				INFOPLIST_KEY_UILaunchStoryboardName = LaunchScreen;
				INFOPLIST_KEY_UIMainStoryboardFile = Main;
				INFOPLIST_KEY_UISupportedInterfaceOrientations_iPad = "UIInterfaceOrientationPortrait UIInterfaceOrientationPortraitUpsideDown UIInterfaceOrientationLandscapeLeft UIInterfaceOrientationLandscapeRight";
				INFOPLIST_KEY_UISupportedInterfaceOrientations_iPhone = "UIInterfaceOrientationPortrait UIInterfaceOrientationLandscapeLeft UIInterfaceOrientationLandscapeRight";
				LD_RUNPATH_SEARCH_PATHS = (
					"$(inherited)",
					"@executable_path/Frameworks",
				);
				MARKETING_VERSION = 1.0;
				PRODUCT_BUNDLE_IDENTIFIER = nwmissouri.edu.Hello2App;
				PRODUCT_NAME = "$(TARGET_NAME)";
				SWIFT_EMIT_LOC_STRINGS = YES;
				SWIFT_VERSION = 5.0;
				TARGETED_DEVICE_FAMILY = "1,2";
			};
			name = Release;
		};
		38F3B72828BE4235008E6D8D /* Debug */ = {
			isa = XCBuildConfiguration;
			buildSettings = {
				ALWAYS_EMBED_SWIFT_STANDARD_LIBRARIES = YES;
				BUNDLE_LOADER = "$(TEST_HOST)";
				CODE_SIGN_STYLE = Automatic;
				CURRENT_PROJECT_VERSION = 1;
				GENERATE_INFOPLIST_FILE = YES;
				IPHONEOS_DEPLOYMENT_TARGET = 15.5;
				MARKETING_VERSION = 1.0;
				PRODUCT_BUNDLE_IDENTIFIER = nwmissouri.edu.Hello2AppTests;
				PRODUCT_NAME = "$(TARGET_NAME)";
				SWIFT_EMIT_LOC_STRINGS = NO;
				SWIFT_VERSION = 5.0;
				TARGETED_DEVICE_FAMILY = "1,2";
				TEST_HOST = "$(BUILT_PRODUCTS_DIR)/Hello2App.app/Hello2App";
			};
			name = Debug;
		};
		38F3B72928BE4235008E6D8D /* Release */ = {
			isa = XCBuildConfiguration;
			buildSettings = {
				ALWAYS_EMBED_SWIFT_STANDARD_LIBRARIES = YES;
				BUNDLE_LOADER = "$(TEST_HOST)";
				CODE_SIGN_STYLE = Automatic;
				CURRENT_PROJECT_VERSION = 1;
				GENERATE_INFOPLIST_FILE = YES;
				IPHONEOS_DEPLOYMENT_TARGET = 15.5;
				MARKETING_VERSION = 1.0;
				PRODUCT_BUNDLE_IDENTIFIER = nwmissouri.edu.Hello2AppTests;
				PRODUCT_NAME = "$(TARGET_NAME)";
				SWIFT_EMIT_LOC_STRINGS = NO;
				SWIFT_VERSION = 5.0;
				TARGETED_DEVICE_FAMILY = "1,2";
				TEST_HOST = "$(BUILT_PRODUCTS_DIR)/Hello2App.app/Hello2App";
			};
			name = Release;
		};
		38F3B72B28BE4235008E6D8D /* Debug */ = {
			isa = XCBuildConfiguration;
			buildSettings = {
				ALWAYS_EMBED_SWIFT_STANDARD_LIBRARIES = YES;
				CODE_SIGN_STYLE = Automatic;
				CURRENT_PROJECT_VERSION = 1;
				GENERATE_INFOPLIST_FILE = YES;
				MARKETING_VERSION = 1.0;
				PRODUCT_BUNDLE_IDENTIFIER = nwmissouri.edu.Hello2AppUITests;
				PRODUCT_NAME = "$(TARGET_NAME)";
				SWIFT_EMIT_LOC_STRINGS = NO;
				SWIFT_VERSION = 5.0;
				TARGETED_DEVICE_FAMILY = "1,2";
				TEST_TARGET_NAME = Hello2App;
			};
			name = Debug;
		};
		38F3B72C28BE4235008E6D8D /* Release */ = {
			isa = XCBuildConfiguration;
			buildSettings = {
				ALWAYS_EMBED_SWIFT_STANDARD_LIBRARIES = YES;
				CODE_SIGN_STYLE = Automatic;
				CURRENT_PROJECT_VERSION = 1;
				GENERATE_INFOPLIST_FILE = YES;
				MARKETING_VERSION = 1.0;
				PRODUCT_BUNDLE_IDENTIFIER = nwmissouri.edu.Hello2AppUITests;
				PRODUCT_NAME = "$(TARGET_NAME)";
				SWIFT_EMIT_LOC_STRINGS = NO;
				SWIFT_VERSION = 5.0;
				TARGETED_DEVICE_FAMILY = "1,2";
				TEST_TARGET_NAME = Hello2App;
			};
			name = Release;
		};
/* End XCBuildConfiguration section */

/* Begin XCConfigurationList section */
		38F3B6F528BE4233008E6D8D /* Build configuration list for PBXProject "Hello2App" */ = {
			isa = XCConfigurationList;
			buildConfigurations = (
				38F3B72228BE4235008E6D8D /* Debug */,
				38F3B72328BE4235008E6D8D /* Release */,
			);
			defaultConfigurationIsVisible = 0;
			defaultConfigurationName = Release;
		};
		38F3B72428BE4235008E6D8D /* Build configuration list for PBXNativeTarget "Hello2App" */ = {
			isa = XCConfigurationList;
			buildConfigurations = (
				38F3B72528BE4235008E6D8D /* Debug */,
				38F3B72628BE4235008E6D8D /* Release */,
			);
			defaultConfigurationIsVisible = 0;
			defaultConfigurationName = Release;
		};
		38F3B72728BE4235008E6D8D /* Build configuration list for PBXNativeTarget "Hello2AppTests" */ = {
			isa = XCConfigurationList;
			buildConfigurations = (
				38F3B72828BE4235008E6D8D /* Debug */,
				38F3B72928BE4235008E6D8D /* Release */,
			);
			defaultConfigurationIsVisible = 0;
			defaultConfigurationName = Release;
		};
		38F3B72A28BE4235008E6D8D /* Build configuration list for PBXNativeTarget "Hello2AppUITests" */ = {
			isa = XCConfigurationList;
			buildConfigurations = (
				38F3B72B28BE4235008E6D8D /* Debug */,
				38F3B72C28BE4235008E6D8D /* Release */,
			);
			defaultConfigurationIsVisible = 0;
			defaultConfigurationName = Release;
		};
/* End XCConfigurationList section */
	};
	rootObject = 38F3B6F228BE4233008E6D8D /* Project object */;
}
